// !$*UTF8*$!
{
	archiveVersion = 1;
	classes = {
	};
	objectVersion = 56;
	objects = {

/* Begin PBXBuildFile section */
		49370DED2A379ADD009DF70E /* poster_sample.jpg in Resources */ = {isa = PBXBuildFile; fileRef = 49370DEC2A379ADD009DF70E /* poster_sample.jpg */; };
		49370DEF2A37B723009DF70E /* DetailPageViewController.swift in Sources */ = {isa = PBXBuildFile; fileRef = 49370DEE2A37B723009DF70E /* DetailPageViewController.swift */; };
		496A1DFD2A3A413300B86CC4 /* MovieInfo.swift in Sources */ = {isa = PBXBuildFile; fileRef = 496A1DFC2A3A413300B86CC4 /* MovieInfo.swift */; };
		49A17F732A3244BD00EB31F8 /* AppDelegate.swift in Sources */ = {isa = PBXBuildFile; fileRef = 49A17F722A3244BD00EB31F8 /* AppDelegate.swift */; };
		49A17F752A3244BD00EB31F8 /* SceneDelegate.swift in Sources */ = {isa = PBXBuildFile; fileRef = 49A17F742A3244BD00EB31F8 /* SceneDelegate.swift */; };
		49A17F772A3244BD00EB31F8 /* ViewController.swift in Sources */ = {isa = PBXBuildFile; fileRef = 49A17F762A3244BD00EB31F8 /* ViewController.swift */; };
		49A17F7A2A3244BD00EB31F8 /* Main.storyboard in Resources */ = {isa = PBXBuildFile; fileRef = 49A17F782A3244BD00EB31F8 /* Main.storyboard */; };
		49A17F7C2A3244BE00EB31F8 /* Assets.xcassets in Resources */ = {isa = PBXBuildFile; fileRef = 49A17F7B2A3244BE00EB31F8 /* Assets.xcassets */; };
		49A17F7F2A3244BE00EB31F8 /* LaunchScreen.storyboard in Resources */ = {isa = PBXBuildFile; fileRef = 49A17F7D2A3244BE00EB31F8 /* LaunchScreen.storyboard */; };
		49BDF7522A3CFD2900802591 /* AnimationCViewCell.swift in Sources */ = {isa = PBXBuildFile; fileRef = 49BDF7512A3CFD2900802591 /* AnimationCViewCell.swift */; };
		49BDF7542A3CFE6100802591 /* TopCViewCell.swift in Sources */ = {isa = PBXBuildFile; fileRef = 49BDF7532A3CFE6100802591 /* TopCViewCell.swift */; };
		49BDF7562A3DFFB400802591 /* TopCell.swift in Sources */ = {isa = PBXBuildFile; fileRef = 49BDF7552A3DFFB400802591 /* TopCell.swift */; };
		49BDF7582A3E01BF00802591 /* ActionCell.swift in Sources */ = {isa = PBXBuildFile; fileRef = 49BDF7572A3E01BF00802591 /* ActionCell.swift */; };
		49BDF75A2A3E27C500802591 /* FantasyCell.swift in Sources */ = {isa = PBXBuildFile; fileRef = 49BDF7592A3E27C500802591 /* FantasyCell.swift */; };
		49BDF75C2A3E27D600802591 /* AdventureCell.swift in Sources */ = {isa = PBXBuildFile; fileRef = 49BDF75B2A3E27D600802591 /* AdventureCell.swift */; };
		49BDF7602A3EAC3D00802591 /* ReviewViewController.swift in Sources */ = {isa = PBXBuildFile; fileRef = 49BDF75F2A3EAC3D00802591 /* ReviewViewController.swift */; };
		49BDF7662A3F3A2300802591 /* top_movies.json in Resources */ = {isa = PBXBuildFile; fileRef = 49BDF7652A3F3A2200802591 /* top_movies.json */; };
		49CCC85C2A35CA1D00D41658 /* SearchResultViewController.swift in Sources */ = {isa = PBXBuildFile; fileRef = 49CCC85B2A35CA1D00D41658 /* SearchResultViewController.swift */; };
		49CCC85E2A35D80000D41658 /* Movie.swift in Sources */ = {isa = PBXBuildFile; fileRef = 49CCC85D2A35D80000D41658 /* Movie.swift */; };
/* End PBXBuildFile section */

/* Begin PBXFileReference section */
		49370DEC2A379ADD009DF70E /* poster_sample.jpg */ = {isa = PBXFileReference; lastKnownFileType = image.jpeg; path = poster_sample.jpg; sourceTree = "<group>"; };
		49370DEE2A37B723009DF70E /* DetailPageViewController.swift */ = {isa = PBXFileReference; lastKnownFileType = sourcecode.swift; path = DetailPageViewController.swift; sourceTree = "<group>"; };
		496A1DFC2A3A413300B86CC4 /* MovieInfo.swift */ = {isa = PBXFileReference; lastKnownFileType = sourcecode.swift; path = MovieInfo.swift; sourceTree = "<group>"; };
		49A17F6F2A3244BD00EB31F8 /* MiniProject.app */ = {isa = PBXFileReference; explicitFileType = wrapper.application; includeInIndex = 0; path = MiniProject.app; sourceTree = BUILT_PRODUCTS_DIR; };
		49A17F722A3244BD00EB31F8 /* AppDelegate.swift */ = {isa = PBXFileReference; lastKnownFileType = sourcecode.swift; path = AppDelegate.swift; sourceTree = "<group>"; };
		49A17F742A3244BD00EB31F8 /* SceneDelegate.swift */ = {isa = PBXFileReference; lastKnownFileType = sourcecode.swift; path = SceneDelegate.swift; sourceTree = "<group>"; };
		49A17F762A3244BD00EB31F8 /* ViewController.swift */ = {isa = PBXFileReference; lastKnownFileType = sourcecode.swift; path = ViewController.swift; sourceTree = "<group>"; };
		49A17F792A3244BD00EB31F8 /* Base */ = {isa = PBXFileReference; lastKnownFileType = file.storyboard; name = Base; path = Base.lproj/Main.storyboard; sourceTree = "<group>"; };
		49A17F7B2A3244BE00EB31F8 /* Assets.xcassets */ = {isa = PBXFileReference; lastKnownFileType = folder.assetcatalog; path = Assets.xcassets; sourceTree = "<group>"; };
		49A17F7E2A3244BE00EB31F8 /* Base */ = {isa = PBXFileReference; lastKnownFileType = file.storyboard; name = Base; path = Base.lproj/LaunchScreen.storyboard; sourceTree = "<group>"; };
		49A17F802A3244BE00EB31F8 /* Info.plist */ = {isa = PBXFileReference; lastKnownFileType = text.plist.xml; path = Info.plist; sourceTree = "<group>"; };
		49BDF7512A3CFD2900802591 /* AnimationCViewCell.swift */ = {isa = PBXFileReference; lastKnownFileType = sourcecode.swift; path = AnimationCViewCell.swift; sourceTree = "<group>"; };
		49BDF7532A3CFE6100802591 /* TopCViewCell.swift */ = {isa = PBXFileReference; lastKnownFileType = sourcecode.swift; path = TopCViewCell.swift; sourceTree = "<group>"; };
		49BDF7552A3DFFB400802591 /* TopCell.swift */ = {isa = PBXFileReference; lastKnownFileType = sourcecode.swift; path = TopCell.swift; sourceTree = "<group>"; };
		49BDF7572A3E01BF00802591 /* ActionCell.swift */ = {isa = PBXFileReference; lastKnownFileType = sourcecode.swift; path = ActionCell.swift; sourceTree = "<group>"; };
		49BDF7592A3E27C500802591 /* FantasyCell.swift */ = {isa = PBXFileReference; lastKnownFileType = sourcecode.swift; path = FantasyCell.swift; sourceTree = "<group>"; };
		49BDF75B2A3E27D600802591 /* AdventureCell.swift */ = {isa = PBXFileReference; lastKnownFileType = sourcecode.swift; path = AdventureCell.swift; sourceTree = "<group>"; };
		49BDF75F2A3EAC3D00802591 /* ReviewViewController.swift */ = {isa = PBXFileReference; lastKnownFileType = sourcecode.swift; path = ReviewViewController.swift; sourceTree = "<group>"; };
		49BDF7652A3F3A2200802591 /* top_movies.json */ = {isa = PBXFileReference; fileEncoding = 4; lastKnownFileType = text.json; path = top_movies.json; sourceTree = "<group>"; };
		49CCC85B2A35CA1D00D41658 /* SearchResultViewController.swift */ = {isa = PBXFileReference; lastKnownFileType = sourcecode.swift; path = SearchResultViewController.swift; sourceTree = "<group>"; };
		49CCC85D2A35D80000D41658 /* Movie.swift */ = {isa = PBXFileReference; lastKnownFileType = sourcecode.swift; path = Movie.swift; sourceTree = "<group>"; };
/* End PBXFileReference section */

/* Begin PBXFrameworksBuildPhase section */
		49A17F6C2A3244BD00EB31F8 /* Frameworks */ = {
			isa = PBXFrameworksBuildPhase;
			buildActionMask = 2147483647;
			files = (
			);
			runOnlyForDeploymentPostprocessing = 0;
		};
/* End PBXFrameworksBuildPhase section */

/* Begin PBXGroup section */
		49A17F662A3244BD00EB31F8 = {
			isa = PBXGroup;
			children = (
				49BDF7652A3F3A2200802591 /* top_movies.json */,
				496A1DFC2A3A413300B86CC4 /* MovieInfo.swift */,
				49CCC85D2A35D80000D41658 /* Movie.swift */,
				49A17F882A32452800EB31F8 /* Resources */,
				49A17F712A3244BD00EB31F8 /* MiniProject */,
				49A17F702A3244BD00EB31F8 /* Products */,
			);
			sourceTree = "<group>";
		};
		49A17F702A3244BD00EB31F8 /* Products */ = {
			isa = PBXGroup;
			children = (
				49A17F6F2A3244BD00EB31F8 /* MiniProject.app */,
			);
			name = Products;
			sourceTree = "<group>";
		};
		49A17F712A3244BD00EB31F8 /* MiniProject */ = {
			isa = PBXGroup;
			children = (
				49A17F722A3244BD00EB31F8 /* AppDelegate.swift */,
				49A17F742A3244BD00EB31F8 /* SceneDelegate.swift */,
				49A17F762A3244BD00EB31F8 /* ViewController.swift */,
				49A17F782A3244BD00EB31F8 /* Main.storyboard */,
				49A17F7B2A3244BE00EB31F8 /* Assets.xcassets */,
				49A17F7D2A3244BE00EB31F8 /* LaunchScreen.storyboard */,
				49A17F802A3244BE00EB31F8 /* Info.plist */,
				49CCC85B2A35CA1D00D41658 /* SearchResultViewController.swift */,
				49370DEE2A37B723009DF70E /* DetailPageViewController.swift */,
				49BDF7512A3CFD2900802591 /* AnimationCViewCell.swift */,
				49BDF7532A3CFE6100802591 /* TopCViewCell.swift */,
				49BDF7552A3DFFB400802591 /* TopCell.swift */,
				49BDF7572A3E01BF00802591 /* ActionCell.swift */,
				49BDF7592A3E27C500802591 /* FantasyCell.swift */,
				49BDF75B2A3E27D600802591 /* AdventureCell.swift */,
				49BDF75F2A3EAC3D00802591 /* ReviewViewController.swift */,
			);
			path = MiniProject;
			sourceTree = "<group>";
		};
		49A17F882A32452800EB31F8 /* Resources */ = {
			isa = PBXGroup;
			children = (
				49370DEC2A379ADD009DF70E /* poster_sample.jpg */,
			);
			path = Resources;
			sourceTree = "<group>";
		};
/* End PBXGroup section */

/* Begin PBXNativeTarget section */
		49A17F6E2A3244BD00EB31F8 /* MiniProject */ = {
			isa = PBXNativeTarget;
			buildConfigurationList = 49A17F832A3244BE00EB31F8 /* Build configuration list for PBXNativeTarget "MiniProject" */;
			buildPhases = (
				49A17F6B2A3244BD00EB31F8 /* Sources */,
				49A17F6C2A3244BD00EB31F8 /* Frameworks */,
				49A17F6D2A3244BD00EB31F8 /* Resources */,
			);
			buildRules = (
			);
			dependencies = (
			);
			name = MiniProject;
			productName = MiniProject;
			productReference = 49A17F6F2A3244BD00EB31F8 /* MiniProject.app */;
			productType = "com.apple.product-type.application";
		};
/* End PBXNativeTarget section */

/* Begin PBXProject section */
		49A17F672A3244BD00EB31F8 /* Project object */ = {
			isa = PBXProject;
			attributes = {
				BuildIndependentTargetsInParallel = 1;
				LastSwiftUpdateCheck = 1420;
				LastUpgradeCheck = 1420;
				TargetAttributes = {
					49A17F6E2A3244BD00EB31F8 = {
						CreatedOnToolsVersion = 14.2;
					};
				};
			};
			buildConfigurationList = 49A17F6A2A3244BD00EB31F8 /* Build configuration list for PBXProject "MiniProject" */;
			compatibilityVersion = "Xcode 14.0";
			developmentRegion = en;
			hasScannedForEncodings = 0;
			knownRegions = (
				en,
				Base,
			);
			mainGroup = 49A17F662A3244BD00EB31F8;
			productRefGroup = 49A17F702A3244BD00EB31F8 /* Products */;
			projectDirPath = "";
			projectRoot = "";
			targets = (
				49A17F6E2A3244BD00EB31F8 /* MiniProject */,
			);
		};
/* End PBXProject section */

/* Begin PBXResourcesBuildPhase section */
		49A17F6D2A3244BD00EB31F8 /* Resources */ = {
			isa = PBXResourcesBuildPhase;
			buildActionMask = 2147483647;
			files = (
				49BDF7662A3F3A2300802591 /* top_movies.json in Resources */,
				49370DED2A379ADD009DF70E /* poster_sample.jpg in Resources */,
				49A17F7F2A3244BE00EB31F8 /* LaunchScreen.storyboard in Resources */,
				49A17F7C2A3244BE00EB31F8 /* Assets.xcassets in Resources */,
				49A17F7A2A3244BD00EB31F8 /* Main.storyboard in Resources */,
			);
			runOnlyForDeploymentPostprocessing = 0;
		};
/* End PBXResourcesBuildPhase section */

/* Begin PBXSourcesBuildPhase section */
		49A17F6B2A3244BD00EB31F8 /* Sources */ = {
			isa = PBXSourcesBuildPhase;
			buildActionMask = 2147483647;
			files = (
				49370DEF2A37B723009DF70E /* DetailPageViewController.swift in Sources */,
				49BDF7522A3CFD2900802591 /* AnimationCViewCell.swift in Sources */,
				496A1DFD2A3A413300B86CC4 /* MovieInfo.swift in Sources */,
				49CCC85E2A35D80000D41658 /* Movie.swift in Sources */,
				49A17F772A3244BD00EB31F8 /* ViewController.swift in Sources */,
				49BDF7542A3CFE6100802591 /* TopCViewCell.swift in Sources */,
				49BDF7582A3E01BF00802591 /* ActionCell.swift in Sources */,
				49A17F732A3244BD00EB31F8 /* AppDelegate.swift in Sources */,
				49BDF75A2A3E27C500802591 /* FantasyCell.swift in Sources */,
				49CCC85C2A35CA1D00D41658 /* SearchResultViewController.swift in Sources */,
				49A17F752A3244BD00EB31F8 /* SceneDelegate.swift in Sources */,
				49BDF75C2A3E27D600802591 /* AdventureCell.swift in Sources */,
				49BDF7602A3EAC3D00802591 /* ReviewViewController.swift in Sources */,
				49BDF7562A3DFFB400802591 /* TopCell.swift in Sources */,
			);
			runOnlyForDeploymentPostprocessing = 0;
		};
/* End PBXSourcesBuildPhase section */

/* Begin PBXVariantGroup section */
		49A17F782A3244BD00EB31F8 /* Main.storyboard */ = {
			isa = PBXVariantGroup;
			children = (
				49A17F792A3244BD00EB31F8 /* Base */,
			);
			name = Main.storyboard;
			sourceTree = "<group>";
		};
		49A17F7D2A3244BE00EB31F8 /* LaunchScreen.storyboard */ = {
			isa = PBXVariantGroup;
			children = (
				49A17F7E2A3244BE00EB31F8 /* Base */,
			);
			name = LaunchScreen.storyboard;
			sourceTree = "<group>";
		};
/* End PBXVariantGroup section */

/* Begin XCBuildConfiguration section */
		49A17F812A3244BE00EB31F8 /* Debug */ = {
			isa = XCBuildConfiguration;
			buildSettings = {
				ALWAYS_SEARCH_USER_PATHS = NO;
				CLANG_ANALYZER_NONNULL = YES;
				CLANG_ANALYZER_NUMBER_OBJECT_CONVERSION = YES_AGGRESSIVE;
				CLANG_CXX_LANGUAGE_STANDARD = "gnu++20";
				CLANG_ENABLE_MODULES = YES;
				CLANG_ENABLE_OBJC_ARC = YES;
				CLANG_ENABLE_OBJC_WEAK = YES;
				CLANG_WARN_BLOCK_CAPTURE_AUTORELEASING = YES;
				CLANG_WARN_BOOL_CONVERSION = YES;
				CLANG_WARN_COMMA = YES;
				CLANG_WARN_CONSTANT_CONVERSION = YES;
				CLANG_WARN_DEPRECATED_OBJC_IMPLEMENTATIONS = YES;
				CLANG_WARN_DIRECT_OBJC_ISA_USAGE = YES_ERROR;
				CLANG_WARN_DOCUMENTATION_COMMENTS = YES;
				CLANG_WARN_EMPTY_BODY = YES;
				CLANG_WARN_ENUM_CONVERSION = YES;
				CLANG_WARN_INFINITE_RECURSION = YES;
				CLANG_WARN_INT_CONVERSION = YES;
				CLANG_WARN_NON_LITERAL_NULL_CONVERSION = YES;
				CLANG_WARN_OBJC_IMPLICIT_RETAIN_SELF = YES;
				CLANG_WARN_OBJC_LITERAL_CONVERSION = YES;
				CLANG_WARN_OBJC_ROOT_CLASS = YES_ERROR;
				CLANG_WARN_QUOTED_INCLUDE_IN_FRAMEWORK_HEADER = YES;
				CLANG_WARN_RANGE_LOOP_ANALYSIS = YES;
				CLANG_WARN_STRICT_PROTOTYPES = YES;
				CLANG_WARN_SUSPICIOUS_MOVE = YES;
				CLANG_WARN_UNGUARDED_AVAILABILITY = YES_AGGRESSIVE;
				CLANG_WARN_UNREACHABLE_CODE = YES;
				CLANG_WARN__DUPLICATE_METHOD_MATCH = YES;
				COPY_PHASE_STRIP = NO;
				DEBUG_INFORMATION_FORMAT = dwarf;
				ENABLE_STRICT_OBJC_MSGSEND = YES;
				ENABLE_TESTABILITY = YES;
				GCC_C_LANGUAGE_STANDARD = gnu11;
				GCC_DYNAMIC_NO_PIC = NO;
				GCC_NO_COMMON_BLOCKS = YES;
				GCC_OPTIMIZATION_LEVEL = 0;
				GCC_PREPROCESSOR_DEFINITIONS = (
					"DEBUG=1",
					"$(inherited)",
				);
				GCC_WARN_64_TO_32_BIT_CONVERSION = YES;
				GCC_WARN_ABOUT_RETURN_TYPE = YES_ERROR;
				GCC_WARN_UNDECLARED_SELECTOR = YES;
				GCC_WARN_UNINITIALIZED_AUTOS = YES_AGGRESSIVE;
				GCC_WARN_UNUSED_FUNCTION = YES;
				GCC_WARN_UNUSED_VARIABLE = YES;
				IPHONEOS_DEPLOYMENT_TARGET = 16.2;
				MTL_ENABLE_DEBUG_INFO = INCLUDE_SOURCE;
				MTL_FAST_MATH = YES;
				ONLY_ACTIVE_ARCH = YES;
				SDKROOT = iphoneos;
				SWIFT_ACTIVE_COMPILATION_CONDITIONS = DEBUG;
				SWIFT_OPTIMIZATION_LEVEL = "-Onone";
			};
			name = Debug;
		};
		49A17F822A3244BE00EB31F8 /* Release */ = {
			isa = XCBuildConfiguration;
			buildSettings = {
				ALWAYS_SEARCH_USER_PATHS = NO;
				CLANG_ANALYZER_NONNULL = YES;
				CLANG_ANALYZER_NUMBER_OBJECT_CONVERSION = YES_AGGRESSIVE;
				CLANG_CXX_LANGUAGE_STANDARD = "gnu++20";
				CLANG_ENABLE_MODULES = YES;
				CLANG_ENABLE_OBJC_ARC = YES;
				CLANG_ENABLE_OBJC_WEAK = YES;
				CLANG_WARN_BLOCK_CAPTURE_AUTORELEASING = YES;
				CLANG_WARN_BOOL_CONVERSION = YES;
				CLANG_WARN_COMMA = YES;
				CLANG_WARN_CONSTANT_CONVERSION = YES;
				CLANG_WARN_DEPRECATED_OBJC_IMPLEMENTATIONS = YES;
				CLANG_WARN_DIRECT_OBJC_ISA_USAGE = YES_ERROR;
				CLANG_WARN_DOCUMENTATION_COMMENTS = YES;
				CLANG_WARN_EMPTY_BODY = YES;
				CLANG_WARN_ENUM_CONVERSION = YES;
				CLANG_WARN_INFINITE_RECURSION = YES;
				CLANG_WARN_INT_CONVERSION = YES;
				CLANG_WARN_NON_LITERAL_NULL_CONVERSION = YES;
				CLANG_WARN_OBJC_IMPLICIT_RETAIN_SELF = YES;
				CLANG_WARN_OBJC_LITERAL_CONVERSION = YES;
				CLANG_WARN_OBJC_ROOT_CLASS = YES_ERROR;
				CLANG_WARN_QUOTED_INCLUDE_IN_FRAMEWORK_HEADER = YES;
				CLANG_WARN_RANGE_LOOP_ANALYSIS = YES;
				CLANG_WARN_STRICT_PROTOTYPES = YES;
				CLANG_WARN_SUSPICIOUS_MOVE = YES;
				CLANG_WARN_UNGUARDED_AVAILABILITY = YES_AGGRESSIVE;
				CLANG_WARN_UNREACHABLE_CODE = YES;
				CLANG_WARN__DUPLICATE_METHOD_MATCH = YES;
				COPY_PHASE_STRIP = NO;
				DEBUG_INFORMATION_FORMAT = "dwarf-with-dsym";
				ENABLE_NS_ASSERTIONS = NO;
				ENABLE_STRICT_OBJC_MSGSEND = YES;
				GCC_C_LANGUAGE_STANDARD = gnu11;
				GCC_NO_COMMON_BLOCKS = YES;
				GCC_WARN_64_TO_32_BIT_CONVERSION = YES;
				GCC_WARN_ABOUT_RETURN_TYPE = YES_ERROR;
				GCC_WARN_UNDECLARED_SELECTOR = YES;
				GCC_WARN_UNINITIALIZED_AUTOS = YES_AGGRESSIVE;
				GCC_WARN_UNUSED_FUNCTION = YES;
				GCC_WARN_UNUSED_VARIABLE = YES;
				IPHONEOS_DEPLOYMENT_TARGET = 16.2;
				MTL_ENABLE_DEBUG_INFO = NO;
				MTL_FAST_MATH = YES;
				SDKROOT = iphoneos;
				SWIFT_COMPILATION_MODE = wholemodule;
				SWIFT_OPTIMIZATION_LEVEL = "-O";
				VALIDATE_PRODUCT = YES;
			};
			name = Release;
		};
		49A17F842A3244BE00EB31F8 /* Debug */ = {
			isa = XCBuildConfiguration;
			buildSettings = {
				ASSETCATALOG_COMPILER_APPICON_NAME = AppIcon;
				ASSETCATALOG_COMPILER_GLOBAL_ACCENT_COLOR_NAME = AccentColor;
				CODE_SIGN_STYLE = Automatic;
				CURRENT_PROJECT_VERSION = 1;
				GENERATE_INFOPLIST_FILE = YES;
				INFOPLIST_FILE = MiniProject/Info.plist;
				INFOPLIST_KEY_UIApplicationSupportsIndirectInputEvents = YES;
				INFOPLIST_KEY_UILaunchStoryboardName = LaunchScreen;
				INFOPLIST_KEY_UIMainStoryboardFile = Main;
				INFOPLIST_KEY_UISupportedInterfaceOrientations_iPad = "UIInterfaceOrientationPortrait UIInterfaceOrientationPortraitUpsideDown UIInterfaceOrientationLandscapeLeft UIInterfaceOrientationLandscapeRight";
				INFOPLIST_KEY_UISupportedInterfaceOrientations_iPhone = "UIInterfaceOrientationPortrait UIInterfaceOrientationLandscapeLeft UIInterfaceOrientationLandscapeRight";
				LD_RUNPATH_SEARCH_PATHS = (
					"$(inherited)",
					"@executable_path/Frameworks",
				);
				MARKETING_VERSION = 1.0;
				PRODUCT_BUNDLE_IDENTIFIER = ac.kr.hasnung.MiniProject;
				PRODUCT_NAME = "$(TARGET_NAME)";
				SWIFT_EMIT_LOC_STRINGS = YES;
				SWIFT_VERSION = 5.0;
				TARGETED_DEVICE_FAMILY = "1,2";
			};
			name = Debug;
		};
		49A17F852A3244BE00EB31F8 /* Release */ = {
			isa = XCBuildConfiguration;
			buildSettings = {
				ASSETCATALOG_COMPILER_APPICON_NAME = AppIcon;
				ASSETCATALOG_COMPILER_GLOBAL_ACCENT_COLOR_NAME = AccentColor;
				CODE_SIGN_STYLE = Automatic;
				CURRENT_PROJECT_VERSION = 1;
				GENERATE_INFOPLIST_FILE = YES;
				INFOPLIST_FILE = MiniProject/Info.plist;
				INFOPLIST_KEY_UIApplicationSupportsIndirectInputEvents = YES;
				INFOPLIST_KEY_UILaunchStoryboardName = LaunchScreen;
				INFOPLIST_KEY_UIMainStoryboardFile = Main;
				INFOPLIST_KEY_UISupportedInterfaceOrientations_iPad = "UIInterfaceOrientationPortrait UIInterfaceOrientationPortraitUpsideDown UIInterfaceOrientationLandscapeLeft UIInterfaceOrientationLandscapeRight";
				INFOPLIST_KEY_UISupportedInterfaceOrientations_iPhone = "UIInterfaceOrientationPortrait UIInterfaceOrientationLandscapeLeft UIInterfaceOrientationLandscapeRight";
				LD_RUNPATH_SEARCH_PATHS = (
					"$(inherited)",
					"@executable_path/Frameworks",
				);
				MARKETING_VERSION = 1.0;
				PRODUCT_BUNDLE_IDENTIFIER = ac.kr.hasnung.MiniProject;
				PRODUCT_NAME = "$(TARGET_NAME)";
				SWIFT_EMIT_LOC_STRINGS = YES;
				SWIFT_VERSION = 5.0;
				TARGETED_DEVICE_FAMILY = "1,2";
			};
			name = Release;
		};
/* End XCBuildConfiguration section */

/* Begin XCConfigurationList section */
		49A17F6A2A3244BD00EB31F8 /* Build configuration list for PBXProject "MiniProject" */ = {
			isa = XCConfigurationList;
			buildConfigurations = (
				49A17F812A3244BE00EB31F8 /* Debug */,
				49A17F822A3244BE00EB31F8 /* Release */,
			);
			defaultConfigurationIsVisible = 0;
			defaultConfigurationName = Release;
		};
		49A17F832A3244BE00EB31F8 /* Build configuration list for PBXNativeTarget "MiniProject" */ = {
			isa = XCConfigurationList;
			buildConfigurations = (
				49A17F842A3244BE00EB31F8 /* Debug */,
				49A17F852A3244BE00EB31F8 /* Release */,
			);
			defaultConfigurationIsVisible = 0;
			defaultConfigurationName = Release;
		};
/* End XCConfigurationList section */
	};
	rootObject = 49A17F672A3244BD00EB31F8 /* Project object */;
}
